
Microsoft Visual Studio Solution File, Format Version 12.00
# Visual Studio 15
VisualStudioVersion = 15.0.28010.2019
MinimumVisualStudioVersion = 10.0.40219.1
Project("{FAE04EC0-301F-11D3-BF4B-00C04F79EFBC}") = "basicDBapp", "basicDBapp\basicDBapp.csproj", "{A93A78EB-40B5-440B-BF9A-F8099F65A935}"
EndProject
Global
	GlobalSection(SolutionConfigurationPlatforms) = preSolution
		Debug|Any CPU = Debug|Any CPU
		Release|Any CPU = Release|Any CPU
	EndGlobalSection
	GlobalSection(ProjectConfigurationPlatforms) = postSolution
		{A93A78EB-40B5-440B-BF9A-F8099F65A935}.Debug|Any CPU.ActiveCfg = Debug|Any CPU
		{A93A78EB-40B5-440B-BF9A-F8099F65A935}.Debug|Any CPU.Build.0 = Debug|Any CPU
		{A93A78EB-40B5-440B-BF9A-F8099F65A935}.Release|Any CPU.ActiveCfg = Release|Any CPU
		{A93A78EB-40B5-440B-BF9A-F8099F65A935}.Release|Any CPU.Build.0 = Release|Any CPU
	EndGlobalSection
	GlobalSection(SolutionProperties) = preSolution
		HideSolutionNode = FALSE
	EndGlobalSection
	GlobalSection(ExtensibilityGlobals) = postSolution
		SolutionGuid = {67B90E1B-A534-4F42-AD04-3994BA144FFC}
	EndGlobalSection
EndGlobal
